
Microsoft Visual Studio Solution File, Format Version 12.00
Project("{FAE04EC0-301F-11D3-BF4B-00C04F79EFBC}") = "PlaneScheduleApp", "PlaneScheduleApp\PlaneScheduleApp.csproj", "{1BB84A70-125B-419C-AEB6-CC7FA9FB2CB5}"
EndProject
Global
	GlobalSection(SolutionConfigurationPlatforms) = preSolution
		Debug|Any CPU = Debug|Any CPU
		Release|Any CPU = Release|Any CPU
	EndGlobalSection
	GlobalSection(ProjectConfigurationPlatforms) = postSolution
		{1BB84A70-125B-419C-AEB6-CC7FA9FB2CB5}.Debug|Any CPU.ActiveCfg = Debug|Any CPU
		{1BB84A70-125B-419C-AEB6-CC7FA9FB2CB5}.Debug|Any CPU.Build.0 = Debug|Any CPU
		{1BB84A70-125B-419C-AEB6-CC7FA9FB2CB5}.Release|Any CPU.ActiveCfg = Release|Any CPU
		{1BB84A70-125B-419C-AEB6-CC7FA9FB2CB5}.Release|Any CPU.Build.0 = Release|Any CPU
	EndGlobalSection
EndGlobal
